
Microsoft Visual Studio Solution File, Format Version 12.00
# Visual Studio Version 17
VisualStudioVersion = 17.4.33213.308
MinimumVisualStudioVersion = 10.0.40219.1
Project("{FAE04EC0-301F-11D3-BF4B-00C04F79EFBC}") = "CVWebsite", "CVWebsite.csproj", "{8423CA4A-D39E-479D-A0A5-19D8B7EDCEBB}"
EndProject
Global
	GlobalSection(SolutionConfigurationPlatforms) = preSolution
		Debug|Any CPU = Debug|Any CPU
		Release|Any CPU = Release|Any CPU
	EndGlobalSection
	GlobalSection(ProjectConfigurationPlatforms) = postSolution
		{8423CA4A-D39E-479D-A0A5-19D8B7EDCEBB}.Debug|Any CPU.ActiveCfg = Debug|Any CPU
		{8423CA4A-D39E-479D-A0A5-19D8B7EDCEBB}.Debug|Any CPU.Build.0 = Debug|Any CPU
		{8423CA4A-D39E-479D-A0A5-19D8B7EDCEBB}.Release|Any CPU.ActiveCfg = Release|Any CPU
		{8423CA4A-D39E-479D-A0A5-19D8B7EDCEBB}.Release|Any CPU.Build.0 = Release|Any CPU
	EndGlobalSection
	GlobalSection(SolutionProperties) = preSolution
		HideSolutionNode = FALSE
	EndGlobalSection
	GlobalSection(ExtensibilityGlobals) = postSolution
		SolutionGuid = {7BD095AC-464A-4289-9F48-5C7FEE684A9D}
	EndGlobalSection
EndGlobal
